
Microsoft Visual Studio Solution File, Format Version 12.00
# Visual Studio Version 16
VisualStudioVersion = 16.0.31005.135
MinimumVisualStudioVersion = 10.0.40219.1
Project("{FAE04EC0-301F-11D3-BF4B-00C04F79EFBC}") = "MathService", "MathService.csproj", "{B7E5226A-2423-4109-89D8-A66F11312E09}"
EndProject
Project("{FAE04EC0-301F-11D3-BF4B-00C04F79EFBC}") = "MathConsole", "..\ConsoleApp2\MathConsole.csproj", "{ED60AB5A-1A5A-4E38-8D16-C6C806358820}"
EndProject
Global
	GlobalSection(SolutionConfigurationPlatforms) = preSolution
		Debug|Any CPU = Debug|Any CPU
		Release|Any CPU = Release|Any CPU
	EndGlobalSection
	GlobalSection(ProjectConfigurationPlatforms) = postSolution
		{B7E5226A-2423-4109-89D8-A66F11312E09}.Debug|Any CPU.ActiveCfg = Debug|Any CPU
		{B7E5226A-2423-4109-89D8-A66F11312E09}.Debug|Any CPU.Build.0 = Debug|Any CPU
		{B7E5226A-2423-4109-89D8-A66F11312E09}.Release|Any CPU.ActiveCfg = Release|Any CPU
		{B7E5226A-2423-4109-89D8-A66F11312E09}.Release|Any CPU.Build.0 = Release|Any CPU
		{ED60AB5A-1A5A-4E38-8D16-C6C806358820}.Debug|Any CPU.ActiveCfg = Debug|Any CPU
		{ED60AB5A-1A5A-4E38-8D16-C6C806358820}.Debug|Any CPU.Build.0 = Debug|Any CPU
		{ED60AB5A-1A5A-4E38-8D16-C6C806358820}.Release|Any CPU.ActiveCfg = Release|Any CPU
		{ED60AB5A-1A5A-4E38-8D16-C6C806358820}.Release|Any CPU.Build.0 = Release|Any CPU
	EndGlobalSection
	GlobalSection(SolutionProperties) = preSolution
		HideSolutionNode = FALSE
	EndGlobalSection
	GlobalSection(ExtensibilityGlobals) = postSolution
		SolutionGuid = {5EA17314-FE8D-45ED-90E9-DD021E0BE36D}
	EndGlobalSection
EndGlobal
