
Microsoft Visual Studio Solution File, Format Version 12.00
# Visual Studio Version 16
VisualStudioVersion = 16.0.31005.135
MinimumVisualStudioVersion = 10.0.40219.1
Project("{9A19103F-16F7-4668-BE54-9A1E7A4F7556}") = "IoD", "IoD.csproj", "{86A66AD2-A041-4312-A99A-79ABF48B8EBC}"
EndProject
Global
	GlobalSection(SolutionConfigurationPlatforms) = preSolution
		Debug|Any CPU = Debug|Any CPU
		Release|Any CPU = Release|Any CPU
	EndGlobalSection
	GlobalSection(ProjectConfigurationPlatforms) = postSolution
		{86A66AD2-A041-4312-A99A-79ABF48B8EBC}.Debug|Any CPU.ActiveCfg = Debug|Any CPU
		{86A66AD2-A041-4312-A99A-79ABF48B8EBC}.Debug|Any CPU.Build.0 = Debug|Any CPU
		{86A66AD2-A041-4312-A99A-79ABF48B8EBC}.Release|Any CPU.ActiveCfg = Release|Any CPU
		{86A66AD2-A041-4312-A99A-79ABF48B8EBC}.Release|Any CPU.Build.0 = Release|Any CPU
	EndGlobalSection
	GlobalSection(SolutionProperties) = preSolution
		HideSolutionNode = FALSE
	EndGlobalSection
	GlobalSection(ExtensibilityGlobals) = postSolution
		SolutionGuid = {3CD513BD-C72B-4F0E-BAF7-81542AA25EBE}
	EndGlobalSection
EndGlobal
